
Microsoft Visual Studio Solution File, Format Version 12.00
# Visual Studio Version 17
VisualStudioVersion = 17.14.36221.1 d17.14
MinimumVisualStudioVersion = 10.0.40219.1
Project("{FAE04EC0-301F-11D3-BF4B-00C04F79EFBC}") = "DeploymentApp", "DeploymentApp\DeploymentApp.csproj", "{23D7F697-DAB2-4414-BD73-B7AE7548E40F}"
EndProject
Global
	GlobalSection(SolutionConfigurationPlatforms) = preSolution
		Debug|Any CPU = Debug|Any CPU
		Release|Any CPU = Release|Any CPU
	EndGlobalSection
	GlobalSection(ProjectConfigurationPlatforms) = postSolution
		{23D7F697-DAB2-4414-BD73-B7AE7548E40F}.Debug|Any CPU.ActiveCfg = Debug|Any CPU
		{23D7F697-DAB2-4414-BD73-B7AE7548E40F}.Debug|Any CPU.Build.0 = Debug|Any CPU
		{23D7F697-DAB2-4414-BD73-B7AE7548E40F}.Release|Any CPU.ActiveCfg = Release|Any CPU
		{23D7F697-DAB2-4414-BD73-B7AE7548E40F}.Release|Any CPU.Build.0 = Release|Any CPU
	EndGlobalSection
	GlobalSection(SolutionProperties) = preSolution
		HideSolutionNode = FALSE
	EndGlobalSection
	GlobalSection(ExtensibilityGlobals) = postSolution
		SolutionGuid = {6CC334A6-CF5D-43CC-B69D-2EE56A2BD7B2}
	EndGlobalSection
EndGlobal
